<?xml version="1.0" encoding="utf-8"?>
<Project ToolsVersion="4.0" xmlns="http://schemas.microsoft.com/developer/msbuild/2003">
  <ItemGroup>
    <Filter Include="Character">
      <UniqueIdentifier>{c636cf25-44ba-44aa-b3c3-6b4c88586f5c}</UniqueIdentifier>
    </Filter>
    <Filter Include="CommandSystem">
      <UniqueIdentifier>{4dfe3eaa-5b4e-4e77-88f9-a63bbbe72e3d}</UniqueIdentifier>
    </Filter>
    <Filter Include="Component">
      <UniqueIdentifier>{a044c63a-78c4-457b-aacc-25869893b460}</UniqueIdentifier>
    </Filter>
    <Filter Include="DataBase">
      <UniqueIdentifier>{15a52ba3-9673-426a-82a1-ca2b9dc2cfa6}</UniqueIdentifier>
    </Filter>
    <Filter Include="ServerFramework">
      <UniqueIdentifier>{5f0ed812-4bd3-47bc-bc12-d4b4058d3171}</UniqueIdentifier>
    </Filter>
    <Filter Include="Socket">
      <UniqueIdentifier>{a3d7229f-7c28-4072-9fae-657a38528b07}</UniqueIdentifier>
    </Filter>
    <Filter Include="Socket\Packet">
      <UniqueIdentifier>{fc456ebe-85d8-4ce5-90da-7887816bb20c}</UniqueIdentifier>
    </Filter>
    <Filter Include="Component\BaseComponent">
      <UniqueIdentifier>{224a9c2c-66a4-4623-8f49-2a9cc96aebbb}</UniqueIdentifier>
    </Filter>
    <Filter Include="Socket\Packet\ClientServer">
      <UniqueIdentifier>{09845bca-338f-4cf5-aa1e-a32b40f3cb7c}</UniqueIdentifier>
    </Filter>
    <Filter Include="Socket\Packet\ServerClient">
      <UniqueIdentifier>{579cb9fe-1f86-4ccb-9a97-d1e231b04f32}</UniqueIdentifier>
    </Filter>
    <Filter Include="Room">
      <UniqueIdentifier>{24c07ab3-5bb2-4cf3-8f58-a499c6ab1c15}</UniqueIdentifier>
    </Filter>
    <Filter Include="Common">
      <UniqueIdentifier>{345ff81f-526e-4c6a-a4d6-b6d7ca8e8921}</UniqueIdentifier>
    </Filter>
    <Filter Include="Net">
      <UniqueIdentifier>{0766192b-3fa8-4e04-b652-591c94d26d88}</UniqueIdentifier>
    </Filter>
    <Filter Include="CommandSystem\CommandCharacterManager">
      <UniqueIdentifier>{ab3a1eda-4b25-4893-ac61-bc5dcf6f9457}</UniqueIdentifier>
    </Filter>
    <Filter Include="CommandSystem\CommandRoomManager">
      <UniqueIdentifier>{b270f1b5-b814-4022-9689-204b1220b6bf}</UniqueIdentifier>
    </Filter>
    <Filter Include="CommandSystem\CommandCharacter">
      <UniqueIdentifier>{bda0b299-f12e-4631-b28e-118eccd74082}</UniqueIdentifier>
    </Filter>
    <Filter Include="CommandSystem\CommandRoom">
      <UniqueIdentifier>{6da336b9-c2ab-448f-be55-89de37fa3bb7}</UniqueIdentifier>
    </Filter>
    <Filter Include="CommandSystem\CommandServer">
      <UniqueIdentifier>{0b0839af-7b85-417b-aa92-d60a592dc7e9}</UniqueIdentifier>
    </Filter>
    <Filter Include="STL">
      <UniqueIdentifier>{94e4fc1e-fdea-48f3-9ab0-299a78862f3e}</UniqueIdentifier>
    </Filter>
    <Filter Include="Memory">
      <UniqueIdentifier>{d55d7d09-eba2-4615-b7e2-8e88af1f9ad3}</UniqueIdentifier>
    </Filter>
    <Filter Include="Utility">
      <UniqueIdentifier>{98501655-b1d2-48cb-9bfc-4d851fd4179e}</UniqueIdentifier>
    </Filter>
    <Filter Include="Serialize">
      <UniqueIdentifier>{a2ed4d05-3d8c-4231-a46f-265defab86a2}</UniqueIdentifier>
    </Filter>
    <Filter Include="Thread">
      <UniqueIdentifier>{fc22492a-c8b8-4f1b-aa76-b559b28093f4}</UniqueIdentifier>
    </Filter>
    <Filter Include="Log">
      <UniqueIdentifier>{a1af1d2b-ac24-4bb2-b448-31bc3de07e19}</UniqueIdentifier>
    </Filter>
  </ItemGroup>
  <ItemGroup>
    <ClCompile Include="Character\Character.cpp">
      <Filter>Character</Filter>
    </ClCompile>
    <ClCompile Include="Character\CharacterManager.cpp">
      <Filter>Character</Filter>
    </ClCompile>
    <ClCompile Include="Character\CharacterNPC.cpp">
      <Filter>Character</Filter>
    </ClCompile>
    <ClCompile Include="Character\CharacterPlayer.cpp">
      <Filter>Character</Filter>
    </ClCompile>
    <ClCompile Include="CommandSystem\txCommand.cpp">
      <Filter>CommandSystem</Filter>
    </ClCompile>
    <ClCompile Include="CommandSystem\txCommandReceiver.cpp">
      <Filter>CommandSystem</Filter>
    </ClCompile>
    <ClCompile Include="CommandSystem\txCommandSystem.cpp">
      <Filter>CommandSystem</Filter>
    </ClCompile>
    <ClCompile Include="DataBase\Data.cpp">
      <Filter>DataBase</Filter>
    </ClCompile>
    <ClCompile Include="DataBase\DataBase.cpp">
      <Filter>DataBase</Filter>
    </ClCompile>
    <ClCompile Include="Socket\Packet\ClientServer\CSHeartBeat.cpp">
      <Filter>Socket\Packet\ClientServer</Filter>
    </ClCompile>
    <ClCompile Include="Socket\Packet\ClientServer\CSLogin.cpp">
      <Filter>Socket\Packet\ClientServer</Filter>
    </ClCompile>
    <ClCompile Include="Socket\PacketFactoryManager.cpp">
      <Filter>Socket</Filter>
    </ClCompile>
    <ClCompile Include="main.cpp" />
    <ClCompile Include="ServerFramework\ServerFramework.cpp">
      <Filter>ServerFramework</Filter>
    </ClCompile>
    <ClCompile Include="Room\Room.cpp">
      <Filter>Room</Filter>
    </ClCompile>
    <ClCompile Include="Room\RoomManager.cpp">
      <Filter>Room</Filter>
    </ClCompile>
    <ClCompile Include="Common\ServerConfig.cpp">
      <Filter>Common</Filter>
    </ClCompile>
    <ClCompile Include="Common\ServerBase.cpp">
      <Filter>Common</Filter>
    </ClCompile>
    <ClCompile Include="Character\CharacterFactoryManager.cpp">
      <Filter>Character</Filter>
    </ClCompile>
    <ClCompile Include="Component\BaseComponent\txComponent.cpp">
      <Filter>Component\BaseComponent</Filter>
    </ClCompile>
    <ClCompile Include="Component\txComponentFactoryManager.cpp">
      <Filter>Component</Filter>
    </ClCompile>
    <ClCompile Include="Component\txComponentOwner.cpp">
      <Filter>Component</Filter>
    </ClCompile>
    <ClCompile Include="CommandSystem\CommandCharacterManager\CommandCharacterManagerPlayerLogin.cpp">
      <Filter>CommandSystem\CommandCharacterManager</Filter>
    </ClCompile>
    <ClCompile Include="CommandSystem\CommandCharacterManager\CommandCharacterManagerCreateCharacter.cpp">
      <Filter>CommandSystem\CommandCharacterManager</Filter>
    </ClCompile>
    <ClCompile Include="CommandSystem\CommandRoomManager\CommandRoomManagerCreateRoom.cpp">
      <Filter>CommandSystem\CommandRoomManager</Filter>
    </ClCompile>
    <ClCompile Include="CommandSystem\CommandRoomManager\CommandRoomManagerDestroyRoom.cpp">
      <Filter>CommandSystem\CommandRoomManager</Filter>
    </ClCompile>
    <ClCompile Include="CommandSystem\CommandCharacter\CommandCharacterJoinRoom.cpp">
      <Filter>CommandSystem\CommandCharacter</Filter>
    </ClCompile>
    <ClCompile Include="CommandSystem\CommandCharacter\CommandCharacterStartGame.cpp">
      <Filter>CommandSystem\CommandCharacter</Filter>
    </ClCompile>
    <ClCompile Include="CommandSystem\CommandCharacterManager\CommandCharacterManagerDestroyCharacter.cpp">
      <Filter>CommandSystem\CommandCharacterManager</Filter>
    </ClCompile>
    <ClCompile Include="CommandSystem\CommandCharacter\CommandCharacterLeaveRoom.cpp">
      <Filter>CommandSystem\CommandCharacter</Filter>
    </ClCompile>
    <ClCompile Include="CommandSystem\CommandRoom\CommandRoomStartGame.cpp">
      <Filter>CommandSystem\CommandRoom</Filter>
    </ClCompile>
    <ClCompile Include="CommandSystem\CommandRoom\CommandRoomNotifyPlayerOffline.cpp">
      <Filter>CommandSystem\CommandRoom</Filter>
    </ClCompile>
    <ClCompile Include="DataBase\MySQLDataBase.cpp">
      <Filter>DataBase</Filter>
    </ClCompile>
    <ClCompile Include="CommandSystem\CommandServer\CommandServerNotifyAcceptedClient.cpp">
      <Filter>CommandSystem\CommandServer</Filter>
    </ClCompile>
    <ClCompile Include="Socket\Packet\ClientServer\CSRegister.cpp">
      <Filter>Socket\Packet\ClientServer</Filter>
    </ClCompile>
    <ClCompile Include="CommandSystem\CommandCharacterManager\CommandCharacterManagerNotifyPlayerOffline.cpp">
      <Filter>CommandSystem\CommandCharacterManager</Filter>
    </ClCompile>
    <ClCompile Include="Socket\Packet\ClientServer\CSCheckName.cpp">
      <Filter>Socket\Packet\ClientServer</Filter>
    </ClCompile>
    <ClCompile Include="Socket\Packet\ClientServer\CSCheckAccount.cpp">
      <Filter>Socket\Packet\ClientServer</Filter>
    </ClCompile>
    <ClCompile Include="Socket\Packet\ClientServer\CSCreateRoom.cpp">
      <Filter>Socket\Packet\ClientServer</Filter>
    </ClCompile>
    <ClCompile Include="CommandSystem\CommandCharacter\CommandCharacterNotifyBanker.cpp">
      <Filter>CommandSystem\CommandCharacter</Filter>
    </ClCompile>
    <ClCompile Include="CommandSystem\CommandCharacter\CommandCharacterNotifyOtherPlayerOffline.cpp">
      <Filter>CommandSystem\CommandCharacter</Filter>
    </ClCompile>
    <ClCompile Include="CommandSystem\CommandCharacter\CommandCharacterNotifyOtherPlayerLeaveRoom.cpp">
      <Filter>CommandSystem\CommandCharacter</Filter>
    </ClCompile>
    <ClCompile Include="CommandSystem\CommandRoom\CommandRoomNotifyPlayerLeave.cpp">
      <Filter>CommandSystem\CommandRoom</Filter>
    </ClCompile>
    <ClCompile Include="CommandSystem\CommandRoom\CommandRoomNotifyPlayerJoin.cpp">
      <Filter>CommandSystem\CommandRoom</Filter>
    </ClCompile>
    <ClCompile Include="CommandSystem\CommandCharacter\CommandCharacterNotifyOtherPlayerJoinRoom.cpp">
      <Filter>CommandSystem\CommandCharacter</Filter>
    </ClCompile>
    <ClCompile Include="Socket\Packet\ClientServer\CSJoinRoom.cpp">
      <Filter>Socket\Packet\ClientServer</Filter>
    </ClCompile>
    <ClCompile Include="Socket\Packet\ClientServer\CSReady.cpp">
      <Filter>Socket\Packet\ClientServer</Filter>
    </ClCompile>
    <ClCompile Include="CommandSystem\CommandCharacter\CommandCharacterReady.cpp">
      <Filter>CommandSystem\CommandCharacter</Filter>
    </ClCompile>
    <ClCompile Include="CommandSystem\CommandRoom\CommandRoomNotifyPlayerReady.cpp">
      <Filter>CommandSystem\CommandRoom</Filter>
    </ClCompile>
    <ClCompile Include="CommandSystem\CommandCharacter\CommandCharacterNotifyOtherPlayerReady.cpp">
      <Filter>CommandSystem\CommandCharacter</Filter>
    </ClCompile>
    <ClCompile Include="Socket\Packet\ClientServer\CSLeaveRoom.cpp">
      <Filter>Socket\Packet\ClientServer</Filter>
    </ClCompile>
    <ClCompile Include="CommandSystem\CommandRoom\CommandRoomNotifyDiceDone.cpp">
      <Filter>CommandSystem\CommandRoom</Filter>
    </ClCompile>
    <ClCompile Include="Socket\Packet\ClientServer\CSDiceDone.cpp">
      <Filter>Socket\Packet\ClientServer</Filter>
    </ClCompile>
    <ClCompile Include="CommandSystem\CommandCharacter\CommandCharacterGetStartMahjong.cpp">
      <Filter>CommandSystem\CommandCharacter</Filter>
    </ClCompile>
    <ClCompile Include="CommandSystem\CommandCharacter\CommandCharacterNotifyOtherPlayerGetStartMahjong.cpp">
      <Filter>CommandSystem\CommandCharacter</Filter>
    </ClCompile>
    <ClCompile Include="CommandSystem\CommandCharacter\CommandCharacterReorderMahjong.cpp">
      <Filter>CommandSystem\CommandCharacter</Filter>
    </ClCompile>
    <ClCompile Include="CommandSystem\CommandCharacter\CommandCharacterNotifyGetStartDone.cpp">
      <Filter>CommandSystem\CommandCharacter</Filter>
    </ClCompile>
    <ClCompile Include="CommandSystem\CommandCharacter\CommandCharacterAskDrop.cpp">
      <Filter>CommandSystem\CommandCharacter</Filter>
    </ClCompile>
    <ClCompile Include="CommandSystem\CommandCharacter\CommandCharacterNotifyDiceDone.cpp">
      <Filter>CommandSystem\CommandCharacter</Filter>
    </ClCompile>
    <ClCompile Include="Socket\Packet\ClientServer\CSRequestDrop.cpp">
      <Filter>Socket\Packet\ClientServer</Filter>
    </ClCompile>
    <ClCompile Include="CommandSystem\CommandRoom\CommandRoomRequestDrop.cpp">
      <Filter>CommandSystem\CommandRoom</Filter>
    </ClCompile>
    <ClCompile Include="CommandSystem\CommandCharacter\CommandCharacterGetMahjong.cpp">
      <Filter>CommandSystem\CommandCharacter</Filter>
    </ClCompile>
    <ClCompile Include="CommandSystem\CommandCharacter\CommandCharacterNotifyOtherPlayerGetMahjong.cpp">
      <Filter>CommandSystem\CommandCharacter</Filter>
    </ClCompile>
    <ClCompile Include="CommandSystem\CommandCharacter\CommandCharacterAskAction.cpp">
      <Filter>CommandSystem\CommandCharacter</Filter>
    </ClCompile>
    <ClCompile Include="CommandSystem\CommandCharacter\CommandCharacterNotifyOtherPlayerReorderMahjong.cpp">
      <Filter>CommandSystem\CommandCharacter</Filter>
    </ClCompile>
    <ClCompile Include="CommandSystem\CommandCharacter\CommandCharacterDrop.cpp">
      <Filter>CommandSystem\CommandCharacter</Filter>
    </ClCompile>
    <ClCompile Include="CommandSystem\CommandCharacter\CommandCharacterNotifyOtherPlayerDrop.cpp">
      <Filter>CommandSystem\CommandCharacter</Filter>
    </ClCompile>
    <ClCompile Include="Socket\Packet\ClientServer\CSConfirmAction.cpp">
      <Filter>Socket\Packet\ClientServer</Filter>
    </ClCompile>
    <ClCompile Include="CommandSystem\CommandRoom\CommandRoomConfirmAction.cpp">
      <Filter>CommandSystem\CommandRoom</Filter>
    </ClCompile>
    <ClCompile Include="CommandSystem\CommandCharacter\CommandCharacterGang.cpp">
      <Filter>CommandSystem\CommandCharacter</Filter>
    </ClCompile>
    <ClCompile Include="CommandSystem\CommandCharacter\CommandCharacterNotifyOtherPlayerGang.cpp">
      <Filter>CommandSystem\CommandCharacter</Filter>
    </ClCompile>
    <ClCompile Include="CommandSystem\CommandCharacter\CommandCharacterNotifyOtherPlayerPass.cpp">
      <Filter>CommandSystem\CommandCharacter</Filter>
    </ClCompile>
    <ClCompile Include="CommandSystem\CommandCharacter\CommandCharacterNotifyOtherPlayerPeng.cpp">
      <Filter>CommandSystem\CommandCharacter</Filter>
    </ClCompile>
    <ClCompile Include="CommandSystem\CommandCharacter\CommandCharacterPass.cpp">
      <Filter>CommandSystem\CommandCharacter</Filter>
    </ClCompile>
    <ClCompile Include="CommandSystem\CommandCharacter\CommandCharacterPeng.cpp">
      <Filter>CommandSystem\CommandCharacter</Filter>
    </ClCompile>
    <ClCompile Include="CommandSystem\CommandCharacter\CommandCharacterNotifyOtherPlayerAskDrop.cpp">
      <Filter>CommandSystem\CommandCharacter</Filter>
    </ClCompile>
    <ClCompile Include="CommandSystem\CommandCharacter\CommandCharacterNotifyOtherPlayerAskAction.cpp">
      <Filter>CommandSystem\CommandCharacter</Filter>
    </ClCompile>
    <ClCompile Include="CommandSystem\CommandCharacter\CommandCharacterPlayerHu.cpp">
      <Filter>CommandSystem\CommandCharacter</Filter>
    </ClCompile>
    <ClCompile Include="CommandSystem\CommandCharacter\CommandCharacterMahjongEnd.cpp">
      <Filter>CommandSystem\CommandCharacter</Filter>
    </ClCompile>
    <ClCompile Include="Net\NetClient.cpp">
      <Filter>Net</Filter>
    </ClCompile>
    <ClCompile Include="Net\NetServer.cpp">
      <Filter>Net</Filter>
    </ClCompile>
    <ClCompile Include="Socket\Packet\ClientServer\CSContinueGame.cpp">
      <Filter>Socket\Packet\ClientServer</Filter>
    </ClCompile>
    <ClCompile Include="CommandSystem\CommandCharacter\CommandCharacterContinueGame.cpp">
      <Filter>CommandSystem\CommandCharacter</Filter>
    </ClCompile>
    <ClCompile Include="CommandSystem\CommandRoom\CommandRoomNotifyPlayerContinueGame.cpp">
      <Filter>CommandSystem\CommandRoom</Filter>
    </ClCompile>
    <ClCompile Include="CommandSystem\CommandCharacter\CommandCharacterNotifyOtherPlayerContinueGame.cpp">
      <Filter>CommandSystem\CommandCharacter</Filter>
    </ClCompile>
    <ClCompile Include="Socket\Packet\ClientServer\CSBackToMahjongHall.cpp">
      <Filter>Socket\Packet\ClientServer</Filter>
    </ClCompile>
    <ClCompile Include="CommandSystem\CommandCharacter\CommandCharacterShowHua.cpp">
      <Filter>CommandSystem\CommandCharacter</Filter>
    </ClCompile>
    <ClCompile Include="CommandSystem\CommandCharacter\CommandCharacterNotifyOtherPlayerShowHua.cpp">
      <Filter>CommandSystem\CommandCharacter</Filter>
    </ClCompile>
    <ClCompile Include="Memory\txMemoryCheck.cpp">
      <Filter>Memory</Filter>
    </ClCompile>
    <ClCompile Include="Memory\txMemoryTrace.cpp">
      <Filter>Memory</Filter>
    </ClCompile>
    <ClCompile Include="Memory\txShareMemoryServer.cpp">
      <Filter>Memory</Filter>
    </ClCompile>
    <ClCompile Include="Serialize\txSerializedData.cpp">
      <Filter>Serialize</Filter>
    </ClCompile>
    <ClCompile Include="Serialize\txSerializer.cpp">
      <Filter>Serialize</Filter>
    </ClCompile>
    <ClCompile Include="Thread\CustomThread.cpp">
      <Filter>Thread</Filter>
    </ClCompile>
    <ClCompile Include="Thread\ThreadLock.cpp">
      <Filter>Thread</Filter>
    </ClCompile>
    <ClCompile Include="Thread\TimeLock.cpp">
      <Filter>Thread</Filter>
    </ClCompile>
    <ClCompile Include="Utility\ServerUtility.cpp">
      <Filter>Utility</Filter>
    </ClCompile>
    <ClCompile Include="CommandSystem\CommandPool.cpp">
      <Filter>CommandSystem</Filter>
    </ClCompile>
    <ClCompile Include="Utility\BinaryUtility.cpp">
      <Filter>Utility</Filter>
    </ClCompile>
    <ClCompile Include="Log\GameLog.cpp">
      <Filter>Log</Filter>
    </ClCompile>
    <ClCompile Include="Log\GameLogWrap.cpp">
      <Filter>Log</Filter>
    </ClCompile>
    <ClCompile Include="Utility\FileUtility.cpp">
      <Filter>Utility</Filter>
    </ClCompile>
    <ClCompile Include="Utility\MathUtility.cpp">
      <Filter>Utility</Filter>
    </ClCompile>
    <ClCompile Include="Utility\StringUtility.cpp">
      <Filter>Utility</Filter>
    </ClCompile>
    <ClCompile Include="Utility\SystemUtility.cpp">
      <Filter>Utility</Filter>
    </ClCompile>
  </ItemGroup>
  <ItemGroup>
    <ClInclude Include="Character\Character.h">
      <Filter>Character</Filter>
    </ClInclude>
    <ClInclude Include="Character\CharacterData.h">
      <Filter>Character</Filter>
    </ClInclude>
    <ClInclude Include="Character\CharacterDefine.h">
      <Filter>Character</Filter>
    </ClInclude>
    <ClInclude Include="Character\CharacterFactory.h">
      <Filter>Character</Filter>
    </ClInclude>
    <ClInclude Include="Character\CharacterManager.h">
      <Filter>Character</Filter>
    </ClInclude>
    <ClInclude Include="Character\CharacterNPC.h">
      <Filter>Character</Filter>
    </ClInclude>
    <ClInclude Include="Character\CharacterPlayer.h">
      <Filter>Character</Filter>
    </ClInclude>
    <ClInclude Include="CommandSystem\CommandDefine.h">
      <Filter>CommandSystem</Filter>
    </ClInclude>
    <ClInclude Include="CommandSystem\CommandHeader.h">
      <Filter>CommandSystem</Filter>
    </ClInclude>
    <ClInclude Include="CommandSystem\txCommand.h">
      <Filter>CommandSystem</Filter>
    </ClInclude>
    <ClInclude Include="CommandSystem\txCommandReceiver.h">
      <Filter>CommandSystem</Filter>
    </ClInclude>
    <ClInclude Include="CommandSystem\txCommandSystem.h">
      <Filter>CommandSystem</Filter>
    </ClInclude>
    <ClInclude Include="DataBase\Data.h">
      <Filter>DataBase</Filter>
    </ClInclude>
    <ClInclude Include="DataBase\DataBase.h">
      <Filter>DataBase</Filter>
    </ClInclude>
    <ClInclude Include="DataBase\DataDefine.h">
      <Filter>DataBase</Filter>
    </ClInclude>
    <ClInclude Include="DataBase\DataFactory.h">
      <Filter>DataBase</Filter>
    </ClInclude>
    <ClInclude Include="DataBase\DataPlayerInfo.h">
      <Filter>DataBase</Filter>
    </ClInclude>
    <ClInclude Include="Socket\Packet\Packet.h">
      <Filter>Socket\Packet</Filter>
    </ClInclude>
    <ClInclude Include="Socket\Packet\PacketHeader.h">
      <Filter>Socket\Packet</Filter>
    </ClInclude>
    <ClInclude Include="Socket\Packet\ClientServer\CSHeartBeat.h">
      <Filter>Socket\Packet\ClientServer</Filter>
    </ClInclude>
    <ClInclude Include="Socket\Packet\ClientServer\CSLogin.h">
      <Filter>Socket\Packet\ClientServer</Filter>
    </ClInclude>
    <ClInclude Include="Socket\Packet\ServerClient\SCLoginRet.h">
      <Filter>Socket\Packet\ServerClient</Filter>
    </ClInclude>
    <ClInclude Include="Socket\PacketDefine.h">
      <Filter>Socket</Filter>
    </ClInclude>
    <ClInclude Include="Socket\PacketFactory.h">
      <Filter>Socket</Filter>
    </ClInclude>
    <ClInclude Include="Socket\PacketFactoryManager.h">
      <Filter>Socket</Filter>
    </ClInclude>
    <ClInclude Include="Socket\Packet\ServerClient\SCHeartBeatRet.h">
      <Filter>Socket\Packet\ServerClient</Filter>
    </ClInclude>
    <ClInclude Include="ServerFramework\ServerFramework.h">
      <Filter>ServerFramework</Filter>
    </ClInclude>
    <ClInclude Include="Room\Room.h">
      <Filter>Room</Filter>
    </ClInclude>
    <ClInclude Include="Room\RoomManager.h">
      <Filter>Room</Filter>
    </ClInclude>
    <ClInclude Include="Common\ServerConfig.h">
      <Filter>Common</Filter>
    </ClInclude>
    <ClInclude Include="Common\ServerDefine.h">
      <Filter>Common</Filter>
    </ClInclude>
    <ClInclude Include="Common\txFactoryManager.h">
      <Filter>Common</Filter>
    </ClInclude>
    <ClInclude Include="Common\txSingleton.h">
      <Filter>Common</Filter>
    </ClInclude>
    <ClInclude Include="Common\ServerBase.h">
      <Filter>Common</Filter>
    </ClInclude>
    <ClInclude Include="Character\CharacterFactoryManager.h">
      <Filter>Character</Filter>
    </ClInclude>
    <ClInclude Include="Component\BaseComponent\txComponent.h">
      <Filter>Component\BaseComponent</Filter>
    </ClInclude>
    <ClInclude Include="Component\txComponentFactory.h">
      <Filter>Component</Filter>
    </ClInclude>
    <ClInclude Include="Component\txComponentFactoryManager.h">
      <Filter>Component</Filter>
    </ClInclude>
    <ClInclude Include="Component\txComponentOwner.h">
      <Filter>Component</Filter>
    </ClInclude>
    <ClInclude Include="Component\txComponentHeader.h">
      <Filter>Component</Filter>
    </ClInclude>
    <ClInclude Include="CommandSystem\CommandCharacterManager\CommandCharacterManagerPlayerLogin.h">
      <Filter>CommandSystem\CommandCharacterManager</Filter>
    </ClInclude>
    <ClInclude Include="CommandSystem\CommandCharacterManager\CommandCharacterManagerCreateCharacter.h">
      <Filter>CommandSystem\CommandCharacterManager</Filter>
    </ClInclude>
    <ClInclude Include="CommandSystem\CommandRoomManager\CommandRoomManagerCreateRoom.h">
      <Filter>CommandSystem\CommandRoomManager</Filter>
    </ClInclude>
    <ClInclude Include="CommandSystem\CommandRoomManager\CommandRoomManagerDestroyRoom.h">
      <Filter>CommandSystem\CommandRoomManager</Filter>
    </ClInclude>
    <ClInclude Include="CommandSystem\CommandCharacter\CommandCharacterJoinRoom.h">
      <Filter>CommandSystem\CommandCharacter</Filter>
    </ClInclude>
    <ClInclude Include="Socket\Packet\ServerClient\SCStartGame.h">
      <Filter>Socket\Packet\ServerClient</Filter>
    </ClInclude>
    <ClInclude Include="CommandSystem\CommandCharacter\CommandCharacterStartGame.h">
      <Filter>CommandSystem\CommandCharacter</Filter>
    </ClInclude>
    <ClInclude Include="CommandSystem\CommandCharacterManager\CommandCharacterManagerDestroyCharacter.h">
      <Filter>CommandSystem\CommandCharacterManager</Filter>
    </ClInclude>
    <ClInclude Include="CommandSystem\CommandCharacter\CommandCharacterLeaveRoom.h">
      <Filter>CommandSystem\CommandCharacter</Filter>
    </ClInclude>
    <ClInclude Include="CommandSystem\CommandRoom\CommandRoomStartGame.h">
      <Filter>CommandSystem\CommandRoom</Filter>
    </ClInclude>
    <ClInclude Include="CommandSystem\CommandRoom\CommandRoomNotifyPlayerOffline.h">
      <Filter>CommandSystem\CommandRoom</Filter>
    </ClInclude>
    <ClInclude Include="DataBase\MySQLDataBase.h">
      <Filter>DataBase</Filter>
    </ClInclude>
    <ClInclude Include="CommandSystem\CommandServer\CommandServerNotifyAcceptedClient.h">
      <Filter>CommandSystem\CommandServer</Filter>
    </ClInclude>
    <ClInclude Include="Socket\Packet\ClientServer\CSRegister.h">
      <Filter>Socket\Packet\ClientServer</Filter>
    </ClInclude>
    <ClInclude Include="Socket\Packet\ServerClient\SCRegisterRet.h">
      <Filter>Socket\Packet\ServerClient</Filter>
    </ClInclude>
    <ClInclude Include="CommandSystem\CommandCharacterManager\CommandCharacterManagerNotifyPlayerOffline.h">
      <Filter>CommandSystem\CommandCharacterManager</Filter>
    </ClInclude>
    <ClInclude Include="Socket\Packet\ServerClient\SCCheckNameRet.h">
      <Filter>Socket\Packet\ServerClient</Filter>
    </ClInclude>
    <ClInclude Include="Socket\Packet\ClientServer\CSCheckName.h">
      <Filter>Socket\Packet\ClientServer</Filter>
    </ClInclude>
    <ClInclude Include="Socket\Packet\ClientServer\CSCheckAccount.h">
      <Filter>Socket\Packet\ClientServer</Filter>
    </ClInclude>
    <ClInclude Include="Socket\Packet\ServerClient\SCCheckAccountRet.h">
      <Filter>Socket\Packet\ServerClient</Filter>
    </ClInclude>
    <ClInclude Include="Socket\Packet\ClientServer\CSCreateRoom.h">
      <Filter>Socket\Packet\ClientServer</Filter>
    </ClInclude>
    <ClInclude Include="Socket\Packet\ServerClient\SCCreateRoomRet.h">
      <Filter>Socket\Packet\ServerClient</Filter>
    </ClInclude>
    <ClInclude Include="CommandSystem\CommandCharacter\CommandCharacterNotifyBanker.h">
      <Filter>CommandSystem\CommandCharacter</Filter>
    </ClInclude>
    <ClInclude Include="Socket\Packet\ServerClient\SCNotifyBanker.h">
      <Filter>Socket\Packet\ServerClient</Filter>
    </ClInclude>
    <ClInclude Include="Socket\Packet\ServerClient\SCOtherPlayerLeaveRoom.h">
      <Filter>Socket\Packet\ServerClient</Filter>
    </ClInclude>
    <ClInclude Include="Socket\Packet\ServerClient\SCOtherPlayerOffline.h">
      <Filter>Socket\Packet\ServerClient</Filter>
    </ClInclude>
    <ClInclude Include="CommandSystem\CommandCharacter\CommandCharacterNotifyOtherPlayerOffline.h">
      <Filter>CommandSystem\CommandCharacter</Filter>
    </ClInclude>
    <ClInclude Include="CommandSystem\CommandCharacter\CommandCharacterNotifyOtherPlayerLeaveRoom.h">
      <Filter>CommandSystem\CommandCharacter</Filter>
    </ClInclude>
    <ClInclude Include="CommandSystem\CommandRoom\CommandRoomNotifyPlayerLeave.h">
      <Filter>CommandSystem\CommandRoom</Filter>
    </ClInclude>
    <ClInclude Include="CommandSystem\CommandRoom\CommandRoomNotifyPlayerJoin.h">
      <Filter>CommandSystem\CommandRoom</Filter>
    </ClInclude>
    <ClInclude Include="CommandSystem\CommandCharacter\CommandCharacterNotifyOtherPlayerJoinRoom.h">
      <Filter>CommandSystem\CommandCharacter</Filter>
    </ClInclude>
    <ClInclude Include="Socket\Packet\ServerClient\SCOtherPlayerJoinRoom.h">
      <Filter>Socket\Packet\ServerClient</Filter>
    </ClInclude>
    <ClInclude Include="Socket\Packet\ServerClient\SCJoinRoomRet.h">
      <Filter>Socket\Packet\ServerClient</Filter>
    </ClInclude>
    <ClInclude Include="Socket\Packet\ClientServer\CSJoinRoom.h">
      <Filter>Socket\Packet\ClientServer</Filter>
    </ClInclude>
    <ClInclude Include="Socket\Packet\ClientServer\CSReady.h">
      <Filter>Socket\Packet\ClientServer</Filter>
    </ClInclude>
    <ClInclude Include="Socket\Packet\ServerClient\SCOtherPlayerReady.h">
      <Filter>Socket\Packet\ServerClient</Filter>
    </ClInclude>
    <ClInclude Include="Socket\Packet\ServerClient\SCReadyRet.h">
      <Filter>Socket\Packet\ServerClient</Filter>
    </ClInclude>
    <ClInclude Include="CommandSystem\CommandCharacter\CommandCharacterReady.h">
      <Filter>CommandSystem\CommandCharacter</Filter>
    </ClInclude>
    <ClInclude Include="CommandSystem\CommandRoom\CommandRoomNotifyPlayerReady.h">
      <Filter>CommandSystem\CommandRoom</Filter>
    </ClInclude>
    <ClInclude Include="CommandSystem\CommandCharacter\CommandCharacterNotifyOtherPlayerReady.h">
      <Filter>CommandSystem\CommandCharacter</Filter>
    </ClInclude>
    <ClInclude Include="Socket\Packet\ClientServer\CSLeaveRoom.h">
      <Filter>Socket\Packet\ClientServer</Filter>
    </ClInclude>
    <ClInclude Include="Socket\Packet\ServerClient\SCLeaveRoomRet.h">
      <Filter>Socket\Packet\ServerClient</Filter>
    </ClInclude>
    <ClInclude Include="Room\MahjongAction.h">
      <Filter>Room</Filter>
    </ClInclude>
    <ClInclude Include="CommandSystem\CommandRoom\CommandRoomNotifyDiceDone.h">
      <Filter>CommandSystem\CommandRoom</Filter>
    </ClInclude>
    <ClInclude Include="Socket\Packet\ClientServer\CSDiceDone.h">
      <Filter>Socket\Packet\ClientServer</Filter>
    </ClInclude>
    <ClInclude Include="Socket\Packet\ServerClient\SCDiceDoneRet.h">
      <Filter>Socket\Packet\ServerClient</Filter>
    </ClInclude>
    <ClInclude Include="CommandSystem\CommandCharacter\CommandCharacterGetStartMahjong.h">
      <Filter>CommandSystem\CommandCharacter</Filter>
    </ClInclude>
    <ClInclude Include="CommandSystem\CommandCharacter\CommandCharacterNotifyOtherPlayerGetStartMahjong.h">
      <Filter>CommandSystem\CommandCharacter</Filter>
    </ClInclude>
    <ClInclude Include="CommandSystem\CommandCharacter\CommandCharacterReorderMahjong.h">
      <Filter>CommandSystem\CommandCharacter</Filter>
    </ClInclude>
    <ClInclude Include="Socket\Packet\ServerClient\SCNotifyGetStartMahjong.h">
      <Filter>Socket\Packet\ServerClient</Filter>
    </ClInclude>
    <ClInclude Include="Socket\Packet\ServerClient\SCNotifyReorderMahjong.h">
      <Filter>Socket\Packet\ServerClient</Filter>
    </ClInclude>
    <ClInclude Include="Common\GameDefine.h">
      <Filter>Common</Filter>
    </ClInclude>
    <ClInclude Include="Socket\Packet\ServerClient\SCNotifyGetStartDone.h">
      <Filter>Socket\Packet\ServerClient</Filter>
    </ClInclude>
    <ClInclude Include="CommandSystem\CommandCharacter\CommandCharacterNotifyGetStartDone.h">
      <Filter>CommandSystem\CommandCharacter</Filter>
    </ClInclude>
    <ClInclude Include="CommandSystem\CommandCharacter\CommandCharacterAskDrop.h">
      <Filter>CommandSystem\CommandCharacter</Filter>
    </ClInclude>
    <ClInclude Include="Socket\Packet\ServerClient\SCAskDrop.h">
      <Filter>Socket\Packet\ServerClient</Filter>
    </ClInclude>
    <ClInclude Include="CommandSystem\CommandCharacter\CommandCharacterNotifyDiceDone.h">
      <Filter>CommandSystem\CommandCharacter</Filter>
    </ClInclude>
    <ClInclude Include="Socket\Packet\ClientServer\CSRequestDrop.h">
      <Filter>Socket\Packet\ClientServer</Filter>
    </ClInclude>
    <ClInclude Include="CommandSystem\CommandRoom\CommandRoomRequestDrop.h">
      <Filter>CommandSystem\CommandRoom</Filter>
    </ClInclude>
    <ClInclude Include="CommandSystem\CommandCharacter\CommandCharacterGetMahjong.h">
      <Filter>CommandSystem\CommandCharacter</Filter>
    </ClInclude>
    <ClInclude Include="Socket\Packet\ServerClient\SCNotifyGetMahjong.h">
      <Filter>Socket\Packet\ServerClient</Filter>
    </ClInclude>
    <ClInclude Include="CommandSystem\CommandCharacter\CommandCharacterNotifyOtherPlayerGetMahjong.h">
      <Filter>CommandSystem\CommandCharacter</Filter>
    </ClInclude>
    <ClInclude Include="CommandSystem\CommandCharacter\CommandCharacterAskAction.h">
      <Filter>CommandSystem\CommandCharacter</Filter>
    </ClInclude>
    <ClInclude Include="Socket\Packet\ServerClient\SCAskAction.h">
      <Filter>Socket\Packet\ServerClient</Filter>
    </ClInclude>
    <ClInclude Include="CommandSystem\CommandCharacter\CommandCharacterNotifyOtherPlayerReorderMahjong.h">
      <Filter>CommandSystem\CommandCharacter</Filter>
    </ClInclude>
    <ClInclude Include="CommandSystem\CommandCharacter\CommandCharacterDrop.h">
      <Filter>CommandSystem\CommandCharacter</Filter>
    </ClInclude>
    <ClInclude Include="CommandSystem\CommandCharacter\CommandCharacterNotifyOtherPlayerDrop.h">
      <Filter>CommandSystem\CommandCharacter</Filter>
    </ClInclude>
    <ClInclude Include="Socket\Packet\ServerClient\SCOtherPlayerDrop.h">
      <Filter>Socket\Packet\ServerClient</Filter>
    </ClInclude>
    <ClInclude Include="Socket\Packet\ServerClient\SCRequestDropRet.h">
      <Filter>Socket\Packet\ServerClient</Filter>
    </ClInclude>
    <ClInclude Include="Room\WaitActionInfo.h">
      <Filter>Room</Filter>
    </ClInclude>
    <ClInclude Include="Socket\Packet\ClientServer\CSConfirmAction.h">
      <Filter>Socket\Packet\ClientServer</Filter>
    </ClInclude>
    <ClInclude Include="CommandSystem\CommandRoom\CommandRoomConfirmAction.h">
      <Filter>CommandSystem\CommandRoom</Filter>
    </ClInclude>
    <ClInclude Include="CommandSystem\CommandCharacter\CommandCharacterGang.h">
      <Filter>CommandSystem\CommandCharacter</Filter>
    </ClInclude>
    <ClInclude Include="CommandSystem\CommandCharacter\CommandCharacterNotifyOtherPlayerGang.h">
      <Filter>CommandSystem\CommandCharacter</Filter>
    </ClInclude>
    <ClInclude Include="CommandSystem\CommandCharacter\CommandCharacterNotifyOtherPlayerPass.h">
      <Filter>CommandSystem\CommandCharacter</Filter>
    </ClInclude>
    <ClInclude Include="CommandSystem\CommandCharacter\CommandCharacterNotifyOtherPlayerPeng.h">
      <Filter>CommandSystem\CommandCharacter</Filter>
    </ClInclude>
    <ClInclude Include="CommandSystem\CommandCharacter\CommandCharacterPass.h">
      <Filter>CommandSystem\CommandCharacter</Filter>
    </ClInclude>
    <ClInclude Include="CommandSystem\CommandCharacter\CommandCharacterPeng.h">
      <Filter>CommandSystem\CommandCharacter</Filter>
    </ClInclude>
    <ClInclude Include="Socket\Packet\ServerClient\SCOtherPlayerGang.h">
      <Filter>Socket\Packet\ServerClient</Filter>
    </ClInclude>
    <ClInclude Include="Socket\Packet\ServerClient\SCOtherPlayerPeng.h">
      <Filter>Socket\Packet\ServerClient</Filter>
    </ClInclude>
    <ClInclude Include="Socket\Packet\ServerClient\SCPlayerGang.h">
      <Filter>Socket\Packet\ServerClient</Filter>
    </ClInclude>
    <ClInclude Include="Socket\Packet\ServerClient\SCPlayerHu.h">
      <Filter>Socket\Packet\ServerClient</Filter>
    </ClInclude>
    <ClInclude Include="Socket\Packet\ServerClient\SCPlayerPass.h">
      <Filter>Socket\Packet\ServerClient</Filter>
    </ClInclude>
    <ClInclude Include="Socket\Packet\ServerClient\SCPlayerPeng.h">
      <Filter>Socket\Packet\ServerClient</Filter>
    </ClInclude>
    <ClInclude Include="Socket\Packet\ServerClient\SCOtherPlayerPass.h">
      <Filter>Socket\Packet\ServerClient</Filter>
    </ClInclude>
    <ClInclude Include="Socket\Packet\ServerClient\SCOtherPlayerAskAction.h">
      <Filter>Socket\Packet\ServerClient</Filter>
    </ClInclude>
    <ClInclude Include="Socket\Packet\ServerClient\SCOtherPlayerAskDrop.h">
      <Filter>Socket\Packet\ServerClient</Filter>
    </ClInclude>
    <ClInclude Include="CommandSystem\CommandCharacter\CommandCharacterNotifyOtherPlayerAskDrop.h">
      <Filter>CommandSystem\CommandCharacter</Filter>
    </ClInclude>
    <ClInclude Include="CommandSystem\CommandCharacter\CommandCharacterNotifyOtherPlayerAskAction.h">
      <Filter>CommandSystem\CommandCharacter</Filter>
    </ClInclude>
    <ClInclude Include="CommandSystem\CommandCharacter\CommandCharacterPlayerHu.h">
      <Filter>CommandSystem\CommandCharacter</Filter>
    </ClInclude>
    <ClInclude Include="Socket\Packet\ServerClient\SCNotifyMahjongEnd.h">
      <Filter>Socket\Packet\ServerClient</Filter>
    </ClInclude>
    <ClInclude Include="CommandSystem\CommandCharacter\CommandCharacterMahjongEnd.h">
      <Filter>CommandSystem\CommandCharacter</Filter>
    </ClInclude>
    <ClInclude Include="Room\HuInfo.h">
      <Filter>Room</Filter>
    </ClInclude>
    <ClInclude Include="Net\NetClient.h">
      <Filter>Net</Filter>
    </ClInclude>
    <ClInclude Include="Net\NetServer.h">
      <Filter>Net</Filter>
    </ClInclude>
    <ClInclude Include="Socket\Packet\ClientServer\CSContinueGame.h">
      <Filter>Socket\Packet\ClientServer</Filter>
    </ClInclude>
    <ClInclude Include="CommandSystem\CommandCharacter\CommandCharacterContinueGame.h">
      <Filter>CommandSystem\CommandCharacter</Filter>
    </ClInclude>
    <ClInclude Include="CommandSystem\CommandRoom\CommandRoomNotifyPlayerContinueGame.h">
      <Filter>CommandSystem\CommandRoom</Filter>
    </ClInclude>
    <ClInclude Include="CommandSystem\CommandCharacter\CommandCharacterNotifyOtherPlayerContinueGame.h">
      <Filter>CommandSystem\CommandCharacter</Filter>
    </ClInclude>
    <ClInclude Include="Socket\Packet\ServerClient\SCContinueGameRet.h">
      <Filter>Socket\Packet\ServerClient</Filter>
    </ClInclude>
    <ClInclude Include="Socket\Packet\ServerClient\SCOtherPlayerContinueGame.h">
      <Filter>Socket\Packet\ServerClient</Filter>
    </ClInclude>
    <ClInclude Include="Socket\Packet\ClientServer\CSBackToMahjongHall.h">
      <Filter>Socket\Packet\ClientServer</Filter>
    </ClInclude>
    <ClInclude Include="Socket\Packet\ServerClient\SCBackToMahjongHallRet.h">
      <Filter>Socket\Packet\ServerClient</Filter>
    </ClInclude>
    <ClInclude Include="Socket\Packet\ServerClient\SCOtherPlayerBackToMahjongHall.h">
      <Filter>Socket\Packet\ServerClient</Filter>
    </ClInclude>
    <ClInclude Include="Socket\Packet\ServerClient\SCShowHua.h">
      <Filter>Socket\Packet\ServerClient</Filter>
    </ClInclude>
    <ClInclude Include="CommandSystem\CommandCharacter\CommandCharacterShowHua.h">
      <Filter>CommandSystem\CommandCharacter</Filter>
    </ClInclude>
    <ClInclude Include="CommandSystem\CommandCharacter\CommandCharacterNotifyOtherPlayerShowHua.h">
      <Filter>CommandSystem\CommandCharacter</Filter>
    </ClInclude>
    <ClInclude Include="Socket\Packet\ServerClient\SCOtherPlayerShowHua.h">
      <Filter>Socket\Packet\ServerClient</Filter>
    </ClInclude>
    <ClInclude Include="Memory\txMemoryCheck.h">
      <Filter>Memory</Filter>
    </ClInclude>
    <ClInclude Include="Memory\txMemoryTrace.h">
      <Filter>Memory</Filter>
    </ClInclude>
    <ClInclude Include="Memory\txShareMemoryServer.h">
      <Filter>Memory</Filter>
    </ClInclude>
    <ClInclude Include="Serialize\txSerializedData.h">
      <Filter>Serialize</Filter>
    </ClInclude>
    <ClInclude Include="Serialize\txSerializer.h">
      <Filter>Serialize</Filter>
    </ClInclude>
    <ClInclude Include="Thread\CustomThread.h">
      <Filter>Thread</Filter>
    </ClInclude>
    <ClInclude Include="Thread\ThreadLock.h">
      <Filter>Thread</Filter>
    </ClInclude>
    <ClInclude Include="Thread\TimeLock.h">
      <Filter>Thread</Filter>
    </ClInclude>
    <ClInclude Include="STL\txMap.h">
      <Filter>STL</Filter>
    </ClInclude>
    <ClInclude Include="STL\txSet.h">
      <Filter>STL</Filter>
    </ClInclude>
    <ClInclude Include="STL\txSTLBase.h">
      <Filter>STL</Filter>
    </ClInclude>
    <ClInclude Include="STL\txVector.h">
      <Filter>STL</Filter>
    </ClInclude>
    <ClInclude Include="Utility\Utility.h">
      <Filter>Utility</Filter>
    </ClInclude>
    <ClInclude Include="Utility\ServerUtility.h">
      <Filter>Utility</Filter>
    </ClInclude>
    <ClInclude Include="Memory\MemoryInfo.h">
      <Filter>Memory</Filter>
    </ClInclude>
    <ClInclude Include="Memory\MemoryDefine.h">
      <Filter>Memory</Filter>
    </ClInclude>
    <ClInclude Include="CommandSystem\CommandPool.h">
      <Filter>CommandSystem</Filter>
    </ClInclude>
    <ClInclude Include="Common\ServerEnum.h">
      <Filter>Common</Filter>
    </ClInclude>
    <ClInclude Include="Common\ServerCallback.h">
      <Filter>Common</Filter>
    </ClInclude>
    <ClInclude Include="Common\StreamBuffer.h">
      <Filter>Common</Filter>
    </ClInclude>
    <ClInclude Include="Utility\BinaryUtility.h">
      <Filter>Utility</Filter>
    </ClInclude>
    <ClInclude Include="ServerFramework\FrameComponent.h">
      <Filter>ServerFramework</Filter>
    </ClInclude>
    <ClInclude Include="Log\GameLog.h">
      <Filter>Log</Filter>
    </ClInclude>
    <ClInclude Include="Log\GameLogWrap.h">
      <Filter>Log</Filter>
    </ClInclude>
    <ClInclude Include="Utility\FileUtility.h">
      <Filter>Utility</Filter>
    </ClInclude>
    <ClInclude Include="Utility\MathUtility.h">
      <Filter>Utility</Filter>
    </ClInclude>
    <ClInclude Include="Utility\StringUtility.h">
      <Filter>Utility</Filter>
    </ClInclude>
    <ClInclude Include="Utility\SystemUtility.h">
      <Filter>Utility</Filter>
    </ClInclude>
  </ItemGroup>
</Project>